
Microsoft Visual Studio Solution File, Format Version 12.00
# Visual Studio Version 17
VisualStudioVersion = 17.10.35004.147
MinimumVisualStudioVersion = 10.0.40219.1
Project("{FAE04EC0-301F-11D3-BF4B-00C04F79EFBC}") = "api", "api\api.csproj", "{9C398485-4DB4-4578-9CD8-B03FF22EB74C}"
EndProject
Global
	GlobalSection(SolutionConfigurationPlatforms) = preSolution
		Debug|Any CPU = Debug|Any CPU
		Release|Any CPU = Release|Any CPU
	EndGlobalSection
	GlobalSection(ProjectConfigurationPlatforms) = postSolution
		{9C398485-4DB4-4578-9CD8-B03FF22EB74C}.Debug|Any CPU.ActiveCfg = Debug|Any CPU
		{9C398485-4DB4-4578-9CD8-B03FF22EB74C}.Debug|Any CPU.Build.0 = Debug|Any CPU
		{9C398485-4DB4-4578-9CD8-B03FF22EB74C}.Release|Any CPU.ActiveCfg = Release|Any CPU
		{9C398485-4DB4-4578-9CD8-B03FF22EB74C}.Release|Any CPU.Build.0 = Release|Any CPU
	EndGlobalSection
	GlobalSection(SolutionProperties) = preSolution
		HideSolutionNode = FALSE
	EndGlobalSection
	GlobalSection(ExtensibilityGlobals) = postSolution
		SolutionGuid = {8C69EDCB-60C2-488B-8EBA-4845B16D6A52}
	EndGlobalSection
EndGlobal
